// !$*UTF8*$!
{
	archiveVersion = 1;
	classes = {
	};
	objectVersion = 46;
	objects = {

/* Begin PBXBuildFile section */
		C32399661C0876F8009A003E /* main.m in Sources */ = {isa = PBXBuildFile; fileRef = C32399651C0876F8009A003E /* main.m */; };
		C32399691C0876F8009A003E /* AppDelegate.m in Sources */ = {isa = PBXBuildFile; fileRef = C32399681C0876F8009A003E /* AppDelegate.m */; };
		C323996C1C0876F8009A003E /* ViewController.m in Sources */ = {isa = PBXBuildFile; fileRef = C323996B1C0876F8009A003E /* ViewController.m */; };
		C323996F1C0876F8009A003E /* Main.storyboard in Resources */ = {isa = PBXBuildFile; fileRef = C323996D1C0876F8009A003E /* Main.storyboard */; };
		C32399711C0876F8009A003E /* Assets.xcassets in Resources */ = {isa = PBXBuildFile; fileRef = C32399701C0876F8009A003E /* Assets.xcassets */; };
		C32399741C0876F8009A003E /* LaunchScreen.storyboard in Resources */ = {isa = PBXBuildFile; fileRef = C32399721C0876F8009A003E /* LaunchScreen.storyboard */; };
/* End PBXBuildFile section */

/* Begin PBXFileReference section */
		C32399611C0876F8009A003E /* SlideshowApp.app */ = {isa = PBXFileReference; explicitFileType = wrapper.application; includeInIndex = 0; path = SlideshowApp.app; sourceTree = BUILT_PRODUCTS_DIR; };
		C32399651C0876F8009A003E /* main.m */ = {isa = PBXFileReference; lastKnownFileType = sourcecode.c.objc; path = main.m; sourceTree = "<group>"; };
		C32399671C0876F8009A003E /* AppDelegate.h */ = {isa = PBXFileReference; lastKnownFileType = sourcecode.c.h; path = AppDelegate.h; sourceTree = "<group>"; };
		C32399681C0876F8009A003E /* AppDelegate.m */ = {isa = PBXFileReference; lastKnownFileType = sourcecode.c.objc; path = AppDelegate.m; sourceTree = "<group>"; };
		C323996A1C0876F8009A003E /* ViewController.h */ = {isa = PBXFileReference; lastKnownFileType = sourcecode.c.h; path = ViewController.h; sourceTree = "<group>"; };
		C323996B1C0876F8009A003E /* ViewController.m */ = {isa = PBXFileReference; lastKnownFileType = sourcecode.c.objc; path = ViewController.m; sourceTree = "<group>"; };
		C323996E1C0876F8009A003E /* Base */ = {isa = PBXFileReference; lastKnownFileType = file.storyboard; name = Base; path = Base.lproj/Main.storyboard; sourceTree = "<group>"; };
		C32399701C0876F8009A003E /* Assets.xcassets */ = {isa = PBXFileReference; lastKnownFileType = folder.assetcatalog; path = Assets.xcassets; sourceTree = "<group>"; };
		C32399731C0876F8009A003E /* Base */ = {isa = PBXFileReference; lastKnownFileType = file.storyboard; name = Base; path = Base.lproj/LaunchScreen.storyboard; sourceTree = "<group>"; };
		C32399751C0876F8009A003E /* Info.plist */ = {isa = PBXFileReference; lastKnownFileType = text.plist.xml; path = Info.plist; sourceTree = "<group>"; };
/* End PBXFileReference section */

/* Begin PBXFrameworksBuildPhase section */
		C323995E1C0876F8009A003E /* Frameworks */ = {
			isa = PBXFrameworksBuildPhase;
			buildActionMask = 2147483647;
			files = (
			);
			runOnlyForDeploymentPostprocessing = 0;
		};
/* End PBXFrameworksBuildPhase section */

/* Begin PBXGroup section */
		C32399581C0876F8009A003E = {
			isa = PBXGroup;
			children = (
				C32399631C0876F8009A003E /* SlideshowApp */,
				C32399621C0876F8009A003E /* Products */,
			);
			sourceTree = "<group>";
		};
		C32399621C0876F8009A003E /* Products */ = {
			isa = PBXGroup;
			children = (
				C32399611C0876F8009A003E /* SlideshowApp.app */,
			);
			name = Products;
			sourceTree = "<group>";
		};
		C32399631C0876F8009A003E /* SlideshowApp */ = {
			isa = PBXGroup;
			children = (
				C32399671C0876F8009A003E /* AppDelegate.h */,
				C32399681C0876F8009A003E /* AppDelegate.m */,
				C323996A1C0876F8009A003E /* ViewController.h */,
				C323996B1C0876F8009A003E /* ViewController.m */,
				C323996D1C0876F8009A003E /* Main.storyboard */,
				C32399701C0876F8009A003E /* Assets.xcassets */,
				C32399721C0876F8009A003E /* LaunchScreen.storyboard */,
				C32399751C0876F8009A003E /* Info.plist */,
				C32399641C0876F8009A003E /* Supporting Files */,
			);
			path = SlideshowApp;
			sourceTree = "<group>";
		};
		C32399641C0876F8009A003E /* Supporting Files */ = {
			isa = PBXGroup;
			children = (
				C32399651C0876F8009A003E /* main.m */,
			);
			name = "Supporting Files";
			sourceTree = "<group>";
		};
/* End PBXGroup section */

/* Begin PBXNativeTarget section */
		C32399601C0876F8009A003E /* SlideshowApp */ = {
			isa = PBXNativeTarget;
			buildConfigurationList = C32399781C0876F8009A003E /* Build configuration list for PBXNativeTarget "SlideshowApp" */;
			buildPhases = (
				C323995D1C0876F8009A003E /* Sources */,
				C323995E1C0876F8009A003E /* Frameworks */,
				C323995F1C0876F8009A003E /* Resources */,
			);
			buildRules = (
			);
			dependencies = (
			);
			name = SlideshowApp;
			productName = SlideshowApp;
			productReference = C32399611C0876F8009A003E /* SlideshowApp.app */;
			productType = "com.apple.product-type.application";
		};
/* End PBXNativeTarget section */

/* Begin PBXProject section */
		C32399591C0876F8009A003E /* Project object */ = {
			isa = PBXProject;
			attributes = {
				LastUpgradeCheck = 0710;
				ORGANIZATIONNAME = taro.kirameki;
				TargetAttributes = {
					C32399601C0876F8009A003E = {
						CreatedOnToolsVersion = 7.1.1;
					};
				};
			};
			buildConfigurationList = C323995C1C0876F8009A003E /* Build configuration list for PBXProject "SlideshowApp" */;
			compatibilityVersion = "Xcode 3.2";
			developmentRegion = English;
			hasScannedForEncodings = 0;
			knownRegions = (
				en,
				Base,
			);
			mainGroup = C32399581C0876F8009A003E;
			productRefGroup = C32399621C0876F8009A003E /* Products */;
			projectDirPath = "";
			projectRoot = "";
			targets = (
				C32399601C0876F8009A003E /* SlideshowApp */,
			);
		};
/* End PBXProject section */

/* Begin PBXResourcesBuildPhase section */
		C323995F1C0876F8009A003E /* Resources */ = {
			isa = PBXResourcesBuildPhase;
			buildActionMask = 2147483647;
			files = (
				C32399741C0876F8009A003E /* LaunchScreen.storyboard in Resources */,
				C32399711C0876F8009A003E /* Assets.xcassets in Resources */,
				C323996F1C0876F8009A003E /* Main.storyboard in Resources */,
			);
			runOnlyForDeploymentPostprocessing = 0;
		};
/* End PBXResourcesBuildPhase section */

/* Begin PBXSourcesBuildPhase section */
		C323995D1C0876F8009A003E /* Sources */ = {
			isa = PBXSourcesBuildPhase;
			buildActionMask = 2147483647;
			files = (
				C323996C1C0876F8009A003E /* ViewController.m in Sources */,
				C32399691C0876F8009A003E /* AppDelegate.m in Sources */,
				C32399661C0876F8009A003E /* main.m in Sources */,
			);
			runOnlyForDeploymentPostprocessing = 0;
		};
/* End PBXSourcesBuildPhase section */

/* Begin PBXVariantGroup section */
		C323996D1C0876F8009A003E /* Main.storyboard */ = {
			isa = PBXVariantGroup;
			children = (
				C323996E1C0876F8009A003E /* Base */,
			);
			name = Main.storyboard;
			sourceTree = "<group>";
		};
		C32399721C0876F8009A003E /* LaunchScreen.storyboard */ = {
			isa = PBXVariantGroup;
			children = (
				C32399731C0876F8009A003E /* Base */,
			);
			name = LaunchScreen.storyboard;
			sourceTree = "<group>";
		};
/* End PBXVariantGroup section */

/* Begin XCBuildConfiguration section */
		C32399761C0876F8009A003E /* Debug */ = {
			isa = XCBuildConfiguration;
			buildSettings = {
				ALWAYS_SEARCH_USER_PATHS = NO;
				CLANG_CXX_LANGUAGE_STANDARD = "gnu++0x";
				CLANG_CXX_LIBRARY = "libc++";
				CLANG_ENABLE_MODULES = YES;
				CLANG_ENABLE_OBJC_ARC = YES;
				CLANG_WARN_BOOL_CONVERSION = YES;
				CLANG_WARN_CONSTANT_CONVERSION = YES;
				CLANG_WARN_DIRECT_OBJC_ISA_USAGE = YES_ERROR;
				CLANG_WARN_EMPTY_BODY = YES;
				CLANG_WARN_ENUM_CONVERSION = YES;
				CLANG_WARN_INT_CONVERSION = YES;
				CLANG_WARN_OBJC_ROOT_CLASS = YES_ERROR;
				CLANG_WARN_UNREACHABLE_CODE = YES;
				CLANG_WARN__DUPLICATE_METHOD_MATCH = YES;
				"CODE_SIGN_IDENTITY[sdk=iphoneos*]" = "iPhone Developer";
				COPY_PHASE_STRIP = NO;
				DEBUG_INFORMATION_FORMAT = dwarf;
				ENABLE_STRICT_OBJC_MSGSEND = YES;
				ENABLE_TESTABILITY = YES;
				GCC_C_LANGUAGE_STANDARD = gnu99;
				GCC_DYNAMIC_NO_PIC = NO;
				GCC_NO_COMMON_BLOCKS = YES;
				GCC_OPTIMIZATION_LEVEL = 0;
				GCC_PREPROCESSOR_DEFINITIONS = (
					"DEBUG=1",
					"$(inherited)",
				);
				GCC_WARN_64_TO_32_BIT_CONVERSION = YES;
				GCC_WARN_ABOUT_RETURN_TYPE = YES_ERROR;
				GCC_WARN_UNDECLARED_SELECTOR = YES;
				GCC_WARN_UNINITIALIZED_AUTOS = YES_AGGRESSIVE;
				GCC_WARN_UNUSED_FUNCTION = YES;
				GCC_WARN_UNUSED_VARIABLE = YES;
				IPHONEOS_DEPLOYMENT_TARGET = 9.1;
				MTL_ENABLE_DEBUG_INFO = YES;
				ONLY_ACTIVE_ARCH = YES;
				SDKROOT = iphoneos;
			};
			name = Debug;
		};
		C32399771C0876F8009A003E /* Release */ = {
			isa = XCBuildConfiguration;
			buildSettings = {
				ALWAYS_SEARCH_USER_PATHS = NO;
				CLANG_CXX_LANGUAGE_STANDARD = "gnu++0x";
				CLANG_CXX_LIBRARY = "libc++";
				CLANG_ENABLE_MODULES = YES;
				CLANG_ENABLE_OBJC_ARC = YES;
				CLANG_WARN_BOOL_CONVERSION = YES;
				CLANG_WARN_CONSTANT_CONVERSION = YES;
				CLANG_WARN_DIRECT_OBJC_ISA_USAGE = YES_ERROR;
				CLANG_WARN_EMPTY_BODY = YES;
				CLANG_WARN_ENUM_CONVERSION = YES;
				CLANG_WARN_INT_CONVERSION = YES;
				CLANG_WARN_OBJC_ROOT_CLASS = YES_ERROR;
				CLANG_WARN_UNREACHABLE_CODE = YES;
				CLANG_WARN__DUPLICATE_METHOD_MATCH = YES;
				"CODE_SIGN_IDENTITY[sdk=iphoneos*]" = "iPhone Developer";
				COPY_PHASE_STRIP = NO;
				DEBUG_INFORMATION_FORMAT = "dwarf-with-dsym";
				ENABLE_NS_ASSERTIONS = NO;
				ENABLE_STRICT_OBJC_MSGSEND = YES;
				GCC_C_LANGUAGE_STANDARD = gnu99;
				GCC_NO_COMMON_BLOCKS = YES;
				GCC_WARN_64_TO_32_BIT_CONVERSION = YES;
				GCC_WARN_ABOUT_RETURN_TYPE = YES_ERROR;
				GCC_WARN_UNDECLARED_SELECTOR = YES;
				GCC_WARN_UNINITIALIZED_AUTOS = YES_AGGRESSIVE;
				GCC_WARN_UNUSED_FUNCTION = YES;
				GCC_WARN_UNUSED_VARIABLE = YES;
				IPHONEOS_DEPLOYMENT_TARGET = 9.1;
				MTL_ENABLE_DEBUG_INFO = NO;
				SDKROOT = iphoneos;
				VALIDATE_PRODUCT = YES;
			};
			name = Release;
		};
		C32399791C0876F8009A003E /* Debug */ = {
			isa = XCBuildConfiguration;
			buildSettings = {
				ASSETCATALOG_COMPILER_APPICON_NAME = AppIcon;
				INFOPLIST_FILE = SlideshowApp/Info.plist;
				LD_RUNPATH_SEARCH_PATHS = "$(inherited) @executable_path/Frameworks";
				PRODUCT_BUNDLE_IDENTIFIER = jp.techacademy.SlideshowApp;
				PRODUCT_NAME = "$(TARGET_NAME)";
			};
			name = Debug;
		};
		C323997A1C0876F8009A003E /* Release */ = {
			isa = XCBuildConfiguration;
			buildSettings = {
				ASSETCATALOG_COMPILER_APPICON_NAME = AppIcon;
				INFOPLIST_FILE = SlideshowApp/Info.plist;
				LD_RUNPATH_SEARCH_PATHS = "$(inherited) @executable_path/Frameworks";
				PRODUCT_BUNDLE_IDENTIFIER = jp.techacademy.SlideshowApp;
				PRODUCT_NAME = "$(TARGET_NAME)";
			};
			name = Release;
		};
/* End XCBuildConfiguration section */

/* Begin XCConfigurationList section */
		C323995C1C0876F8009A003E /* Build configuration list for PBXProject "SlideshowApp" */ = {
			isa = XCConfigurationList;
			buildConfigurations = (
				C32399761C0876F8009A003E /* Debug */,
				C32399771C0876F8009A003E /* Release */,
			);
			defaultConfigurationIsVisible = 0;
			defaultConfigurationName = Release;
		};
		C32399781C0876F8009A003E /* Build configuration list for PBXNativeTarget "SlideshowApp" */ = {
			isa = XCConfigurationList;
			buildConfigurations = (
				C32399791C0876F8009A003E /* Debug */,
				C323997A1C0876F8009A003E /* Release */,
			);
			defaultConfigurationIsVisible = 0;
		};
/* End XCConfigurationList section */
	};
	rootObject = C32399591C0876F8009A003E /* Project object */;
}
